
Microsoft Visual Studio Solution File, Format Version 12.00
# Visual Studio Version 17
VisualStudioVersion = 17.0.32112.339
MinimumVisualStudioVersion = 10.0.40219.1
Project("{9A19103F-16F7-4668-BE54-9A1E7A4F7556}") = "RabbitMQNetCore.Publisher", "RabbitMQNetCore.Publisher\RabbitMQNetCore.Publisher.csproj", "{8478CA19-2FA1-4426-87B2-127A971BD009}"
EndProject
Project("{9A19103F-16F7-4668-BE54-9A1E7A4F7556}") = "RabbitMQNetCore.Consumer", "RabbitMQNetCore.Consumer\RabbitMQNetCore.Consumer.csproj", "{C67054AC-8D43-4027-B556-AE02EF881003}"
EndProject
Project("{9A19103F-16F7-4668-BE54-9A1E7A4F7556}") = "RabbitMQNetCore", "RabbitMQNetCore\RabbitMQNetCore.csproj", "{288612D6-49D1-4327-98E6-0D3A6FF12FD0}"
EndProject
Global
	GlobalSection(SolutionConfigurationPlatforms) = preSolution
		Debug|Any CPU = Debug|Any CPU
		Release|Any CPU = Release|Any CPU
	EndGlobalSection
	GlobalSection(ProjectConfigurationPlatforms) = postSolution
		{8478CA19-2FA1-4426-87B2-127A971BD009}.Debug|Any CPU.ActiveCfg = Debug|Any CPU
		{8478CA19-2FA1-4426-87B2-127A971BD009}.Debug|Any CPU.Build.0 = Debug|Any CPU
		{8478CA19-2FA1-4426-87B2-127A971BD009}.Release|Any CPU.ActiveCfg = Release|Any CPU
		{8478CA19-2FA1-4426-87B2-127A971BD009}.Release|Any CPU.Build.0 = Release|Any CPU
		{C67054AC-8D43-4027-B556-AE02EF881003}.Debug|Any CPU.ActiveCfg = Debug|Any CPU
		{C67054AC-8D43-4027-B556-AE02EF881003}.Debug|Any CPU.Build.0 = Debug|Any CPU
		{C67054AC-8D43-4027-B556-AE02EF881003}.Release|Any CPU.ActiveCfg = Release|Any CPU
		{C67054AC-8D43-4027-B556-AE02EF881003}.Release|Any CPU.Build.0 = Release|Any CPU
		{288612D6-49D1-4327-98E6-0D3A6FF12FD0}.Debug|Any CPU.ActiveCfg = Debug|Any CPU
		{288612D6-49D1-4327-98E6-0D3A6FF12FD0}.Debug|Any CPU.Build.0 = Debug|Any CPU
		{288612D6-49D1-4327-98E6-0D3A6FF12FD0}.Release|Any CPU.ActiveCfg = Release|Any CPU
		{288612D6-49D1-4327-98E6-0D3A6FF12FD0}.Release|Any CPU.Build.0 = Release|Any CPU
	EndGlobalSection
	GlobalSection(SolutionProperties) = preSolution
		HideSolutionNode = FALSE
	EndGlobalSection
	GlobalSection(ExtensibilityGlobals) = postSolution
		SolutionGuid = {9FE09982-A167-42E0-BC83-9C18A368ABE7}
	EndGlobalSection
EndGlobal
